Microsoft Visual Studio Solution File, Format Version 12.00
# Visual Studio Version 17
VisualStudioVersion = 17.12.35424.110
MinimumVisualStudioVersion = 10.0.40219.1
Project("{FAE04EC0-301F-11D3-BF4B-00C04F79EFBC}") = "DogQuiz.AppHost", "DogQuiz.AppHost\DogQuiz.AppHost.csproj", "{F24ED298-5214-4E7A-897A-05FA2F858EB1}"
EndProject
Project("{FAE04EC0-301F-11D3-BF4B-00C04F79EFBC}") = "DogQuiz.ServiceDefaults", "DogQuiz.ServiceDefaults\DogQuiz.ServiceDefaults.csproj", "{D1C02F79-B6AB-4A14-B0B9-F64E5E03F4E2}"
EndProject
Project("{FAE04EC0-301F-11D3-BF4B-00C04F79EFBC}") = "DogQuiz.API", "DogQuiz.API\DogQuiz.API.csproj", "{197793F9-34B2-4930-B8FD-D81B11B5ECDF}"
EndProject
Project("{FAE04EC0-301F-11D3-BF4B-00C04F79EFBC}") = "DogQuiz.Domain", "DogQuiz.Domain\DogQuiz.Domain.csproj", "{8CDDB6D6-B6B6-4C5D-BD71-8444C1DC87B8}"
EndProject
Project("{FAE04EC0-301F-11D3-BF4B-00C04F79EFBC}") = "DogQuiz.MigrationService", "DogQuiz.MigrationService\DogQuiz.MigrationService.csproj", "{3395CAFE-EBA7-409C-BC0D-D081206F1A3C}"
EndProject
Project("{2150E333-8FDC-42A3-9474-1A3956D46DE8}") = "Infrastructure", "Infrastructure", "{74E569B6-BCFB-44EA-B152-CD26B00418F4}"
EndProject
Project("{FAE04EC0-301F-11D3-BF4B-00C04F79EFBC}") = "DogQuiz.Images", "DogQuiz.Images\DogQuiz.Images.csproj", "{00B6EBD4-AB8E-4EE0-977D-32012A8DF113}"
EndProject
Project("{FAE04EC0-301F-11D3-BF4B-00C04F79EFBC}") = "DogQuiz.Tests", "DogQuiz.Tests\DogQuiz.Tests.csproj", "{E0B6D1F9-7C45-4126-93C2-E108C94F4B81}"
EndProject
Project("{FAE04EC0-301F-11D3-BF4B-00C04F79EFBC}") = "DogQuiz.Infrastructure", "DogQuiz.Infrastructure\DogQuiz.Infrastructure.csproj", "{E676681F-C9F3-4E49-980D-E7A15E6C5AC6}"
EndProject
Project("{FAE04EC0-301F-11D3-BF4B-00C04F79EFBC}") = "DogQuiz.Application", "DogQuiz.Application\DogQuiz.Application.csproj", "{8141DCEB-718A-4C26-B8CA-813EB457E4EC}"
EndProject
Global
	GlobalSection(SolutionConfigurationPlatforms) = preSolution
		Debug|Any CPU = Debug|Any CPU
		Release|Any CPU = Release|Any CPU
	EndGlobalSection
	GlobalSection(ProjectConfigurationPlatforms) = postSolution
		{F24ED298-5214-4E7A-897A-05FA2F858EB1}.Debug|Any CPU.ActiveCfg = Debug|Any CPU
		{F24ED298-5214-4E7A-897A-05FA2F858EB1}.Debug|Any CPU.Build.0 = Debug|Any CPU
		{F24ED298-5214-4E7A-897A-05FA2F858EB1}.Release|Any CPU.ActiveCfg = Release|Any CPU
		{F24ED298-5214-4E7A-897A-05FA2F858EB1}.Release|Any CPU.Build.0 = Release|Any CPU
		{D1C02F79-B6AB-4A14-B0B9-F64E5E03F4E2}.Debug|Any CPU.ActiveCfg = Debug|Any CPU
		{D1C02F79-B6AB-4A14-B0B9-F64E5E03F4E2}.Debug|Any CPU.Build.0 = Debug|Any CPU
		{D1C02F79-B6AB-4A14-B0B9-F64E5E03F4E2}.Release|Any CPU.ActiveCfg = Release|Any CPU
		{D1C02F79-B6AB-4A14-B0B9-F64E5E03F4E2}.Release|Any CPU.Build.0 = Release|Any CPU
		{197793F9-34B2-4930-B8FD-D81B11B5ECDF}.Debug|Any CPU.ActiveCfg = Debug|Any CPU
		{197793F9-34B2-4930-B8FD-D81B11B5ECDF}.Debug|Any CPU.Build.0 = Debug|Any CPU
		{197793F9-34B2-4930-B8FD-D81B11B5ECDF}.Release|Any CPU.ActiveCfg = Release|Any CPU
		{197793F9-34B2-4930-B8FD-D81B11B5ECDF}.Release|Any CPU.Build.0 = Release|Any CPU
		{8CDDB6D6-B6B6-4C5D-BD71-8444C1DC87B8}.Debug|Any CPU.ActiveCfg = Debug|Any CPU
		{8CDDB6D6-B6B6-4C5D-BD71-8444C1DC87B8}.Debug|Any CPU.Build.0 = Debug|Any CPU
		{8CDDB6D6-B6B6-4C5D-BD71-8444C1DC87B8}.Release|Any CPU.ActiveCfg = Release|Any CPU
		{8CDDB6D6-B6B6-4C5D-BD71-8444C1DC87B8}.Release|Any CPU.Build.0 = Release|Any CPU
		{3395CAFE-EBA7-409C-BC0D-D081206F1A3C}.Debug|Any CPU.ActiveCfg = Debug|Any CPU
		{3395CAFE-EBA7-409C-BC0D-D081206F1A3C}.Debug|Any CPU.Build.0 = Debug|Any CPU
		{3395CAFE-EBA7-409C-BC0D-D081206F1A3C}.Release|Any CPU.ActiveCfg = Release|Any CPU
		{3395CAFE-EBA7-409C-BC0D-D081206F1A3C}.Release|Any CPU.Build.0 = Release|Any CPU
		{00B6EBD4-AB8E-4EE0-977D-32012A8DF113}.Debug|Any CPU.ActiveCfg = Debug|Any CPU
		{00B6EBD4-AB8E-4EE0-977D-32012A8DF113}.Debug|Any CPU.Build.0 = Debug|Any CPU
		{00B6EBD4-AB8E-4EE0-977D-32012A8DF113}.Release|Any CPU.ActiveCfg = Release|Any CPU
		{00B6EBD4-AB8E-4EE0-977D-32012A8DF113}.Release|Any CPU.Build.0 = Release|Any CPU
		{E0B6D1F9-7C45-4126-93C2-E108C94F4B81}.Debug|Any CPU.ActiveCfg = Debug|Any CPU
		{E0B6D1F9-7C45-4126-93C2-E108C94F4B81}.Debug|Any CPU.Build.0 = Debug|Any CPU
		{E0B6D1F9-7C45-4126-93C2-E108C94F4B81}.Release|Any CPU.ActiveCfg = Release|Any CPU
		{E0B6D1F9-7C45-4126-93C2-E108C94F4B81}.Release|Any CPU.Build.0 = Release|Any CPU
		{E676681F-C9F3-4E49-980D-E7A15E6C5AC6}.Debug|Any CPU.ActiveCfg = Debug|Any CPU
		{E676681F-C9F3-4E49-980D-E7A15E6C5AC6}.Debug|Any CPU.Build.0 = Debug|Any CPU
		{E676681F-C9F3-4E49-980D-E7A15E6C5AC6}.Release|Any CPU.ActiveCfg = Release|Any CPU
		{E676681F-C9F3-4E49-980D-E7A15E6C5AC6}.Release|Any CPU.Build.0 = Release|Any CPU
		{8141DCEB-718A-4C26-B8CA-813EB457E4EC}.Debug|Any CPU.ActiveCfg = Debug|Any CPU
		{8141DCEB-718A-4C26-B8CA-813EB457E4EC}.Debug|Any CPU.Build.0 = Debug|Any CPU
		{8141DCEB-718A-4C26-B8CA-813EB457E4EC}.Release|Any CPU.ActiveCfg = Release|Any CPU
		{8141DCEB-718A-4C26-B8CA-813EB457E4EC}.Release|Any CPU.Build.0 = Release|Any CPU
	EndGlobalSection
	GlobalSection(SolutionProperties) = preSolution
		HideSolutionNode = FALSE
	EndGlobalSection
	GlobalSection(NestedProjects) = preSolution
		{F24ED298-5214-4E7A-897A-05FA2F858EB1} = {74E569B6-BCFB-44EA-B152-CD26B00418F4}
		{D1C02F79-B6AB-4A14-B0B9-F64E5E03F4E2} = {74E569B6-BCFB-44EA-B152-CD26B00418F4}
		{3395CAFE-EBA7-409C-BC0D-D081206F1A3C} = {74E569B6-BCFB-44EA-B152-CD26B00418F4}
	EndGlobalSection
EndGlobal
