Microsoft Visual Studio Solution File, Format Version 12.00
# Visual Studio Version 17
VisualStudioVersion = 17.12.35424.110
MinimumVisualStudioVersion = 10.0.40219.1
Project("{FAE04EC0-301F-11D3-BF4B-00C04F79EFBC}") = "DogQuiz.AppHost", "DogQuiz.AppHost\DogQuiz.AppHost.csproj", "{F24ED298-5214-4E7A-897A-05FA2F858EB1}"
EndProject
Project("{FAE04EC0-301F-11D3-BF4B-00C04F79EFBC}") = "DogQuiz.ServiceDefaults", "DogQuiz.ServiceDefaults\DogQuiz.ServiceDefaults.csproj", "{D1C02F79-B6AB-4A14-B0B9-F64E5E03F4E2}"
EndProject
Project("{FAE04EC0-301F-11D3-BF4B-00C04F79EFBC}") = "DogQuiz.API", "DogQuiz.API\DogQuiz.API.csproj", "{197793F9-34B2-4930-B8FD-D81B11B5ECDF}"
EndProject
Global
	GlobalSection(SolutionConfigurationPlatforms) = preSolution
		Debug|Any CPU = Debug|Any CPU
		Release|Any CPU = Release|Any CPU
	EndGlobalSection
	GlobalSection(ProjectConfigurationPlatforms) = postSolution
		{F24ED298-5214-4E7A-897A-05FA2F858EB1}.Debug|Any CPU.ActiveCfg = Debug|Any CPU
		{F24ED298-5214-4E7A-897A-05FA2F858EB1}.Debug|Any CPU.Build.0 = Debug|Any CPU
		{F24ED298-5214-4E7A-897A-05FA2F858EB1}.Release|Any CPU.ActiveCfg = Release|Any CPU
		{F24ED298-5214-4E7A-897A-05FA2F858EB1}.Release|Any CPU.Build.0 = Release|Any CPU
		{D1C02F79-B6AB-4A14-B0B9-F64E5E03F4E2}.Debug|Any CPU.ActiveCfg = Debug|Any CPU
		{D1C02F79-B6AB-4A14-B0B9-F64E5E03F4E2}.Debug|Any CPU.Build.0 = Debug|Any CPU
		{D1C02F79-B6AB-4A14-B0B9-F64E5E03F4E2}.Release|Any CPU.ActiveCfg = Release|Any CPU
		{D1C02F79-B6AB-4A14-B0B9-F64E5E03F4E2}.Release|Any CPU.Build.0 = Release|Any CPU
		{197793F9-34B2-4930-B8FD-D81B11B5ECDF}.Debug|Any CPU.ActiveCfg = Debug|Any CPU
		{197793F9-34B2-4930-B8FD-D81B11B5ECDF}.Debug|Any CPU.Build.0 = Debug|Any CPU
		{197793F9-34B2-4930-B8FD-D81B11B5ECDF}.Release|Any CPU.ActiveCfg = Release|Any CPU
		{197793F9-34B2-4930-B8FD-D81B11B5ECDF}.Release|Any CPU.Build.0 = Release|Any CPU
	EndGlobalSection
	GlobalSection(SolutionProperties) = preSolution
		HideSolutionNode = FALSE
	EndGlobalSection
EndGlobal
